<?xml version="1.0" encoding="utf-8"?>
<Project ToolsVersion="4.0" xmlns="http://schemas.microsoft.com/developer/msbuild/2003">
  <ItemGroup>
    <Filter Include="ソース ファイル">
      <UniqueIdentifier>{4FC737F1-C7A5-4376-A066-2A32D752A2FF}</UniqueIdentifier>
      <Extensions>cpp;c;cc;cxx;def;odl;idl;hpj;bat;asm;asmx</Extensions>
    </Filter>
    <Filter Include="ヘッダー ファイル">
      <UniqueIdentifier>{93995380-89BD-4b04-88EB-625FBE52EBFB}</UniqueIdentifier>
      <Extensions>h;hpp;hxx;hm;inl;inc;xsd</Extensions>
    </Filter>
    <Filter Include="リソース ファイル">
      <UniqueIdentifier>{67DA6AB6-F800-4c08-8B7A-83BB121AAD01}</UniqueIdentifier>
      <Extensions>rc;ico;cur;bmp;dlg;rc2;rct;bin;rgs;gif;jpg;jpeg;jpe;resx;tiff;tif;png;wav;mfcribbon-ms</Extensions>
    </Filter>
    <Filter Include="Junk">
      <UniqueIdentifier>{ba25d9ee-19df-4162-aeb4-ae5c9be799e9}</UniqueIdentifier>
    </Filter>
  </ItemGroup>
  <ItemGroup>
    <Text Include="ReadMe.txt" />
  </ItemGroup>
  <ItemGroup>
    <ClInclude Include="stdafx.h">
      <Filter>ヘッダー ファイル</Filter>
    </ClInclude>
    <ClInclude Include="targetver.h">
      <Filter>ヘッダー ファイル</Filter>
    </ClInclude>
    <ClInclude Include="..\..\src\Clock.h">
      <Filter>Junk</Filter>
    </ClInclude>
    <ClInclude Include="..\..\src\DateTime.h">
      <Filter>Junk</Filter>
    </ClInclude>
    <ClInclude Include="..\..\src\Directory.h">
      <Filter>Junk</Filter>
    </ClInclude>
    <ClInclude Include="..\..\src\Encoding.h">
      <Filter>Junk</Filter>
    </ClInclude>
    <ClInclude Include="..\..\src\Error.h">
      <Filter>Junk</Filter>
    </ClInclude>
    <ClInclude Include="..\..\src\File.h">
      <Filter>Junk</Filter>
    </ClInclude>
    <ClInclude Include="..\..\src\FilePath.h">
      <Filter>Junk</Filter>
    </ClInclude>
    <ClInclude Include="..\..\src\Fixed.h">
      <Filter>Junk</Filter>
    </ClInclude>
    <ClInclude Include="..\..\src\Geom.h">
      <Filter>Junk</Filter>
    </ClInclude>
    <ClInclude Include="..\..\src\GlobalSocketLogger.h">
      <Filter>Junk</Filter>
    </ClInclude>
    <ClInclude Include="..\..\src\JRpc.h">
      <Filter>Junk</Filter>
    </ClInclude>
    <ClInclude Include="..\..\src\JunkConfig.h">
      <Filter>Junk</Filter>
    </ClInclude>
    <ClInclude Include="..\..\src\JunkDef.h">
      <Filter>Junk</Filter>
    </ClInclude>
    <ClInclude Include="..\..\src\Logger.h">
      <Filter>Junk</Filter>
    </ClInclude>
    <ClInclude Include="..\..\src\Matrix.h">
      <Filter>Junk</Filter>
    </ClInclude>
    <ClInclude Include="..\..\src\MMFile.h">
      <Filter>Junk</Filter>
    </ClInclude>
    <ClInclude Include="..\..\src\RingBuffer.h">
      <Filter>Junk</Filter>
    </ClInclude>
    <ClInclude Include="..\..\src\Socket.h">
      <Filter>Junk</Filter>
    </ClInclude>
    <ClInclude Include="..\..\src\Str.h">
      <Filter>Junk</Filter>
    </ClInclude>
    <ClInclude Include="..\..\src\Sync.h">
      <Filter>Junk</Filter>
    </ClInclude>
    <ClInclude Include="..\..\src\TemplateMeta.h">
      <Filter>Junk</Filter>
    </ClInclude>
    <ClInclude Include="..\..\src\Thread.h">
      <Filter>Junk</Filter>
    </ClInclude>
    <ClInclude Include="..\..\src\ThreadLocalStorage.h">
      <Filter>Junk</Filter>
    </ClInclude>
    <ClInclude Include="..\..\src\ThreadPool.h">
      <Filter>Junk</Filter>
    </ClInclude>
    <ClInclude Include="..\..\src\ThreadQueue.h">
      <Filter>Junk</Filter>
    </ClInclude>
    <ClInclude Include="..\..\src\TimeSpan.h">
      <Filter>Junk</Filter>
    </ClInclude>
    <ClInclude Include="..\..\src\Vector.h">
      <Filter>Junk</Filter>
    </ClInclude>
  </ItemGroup>
  <ItemGroup>
    <ClCompile Include="stdafx.cpp">
      <Filter>ソース ファイル</Filter>
    </ClCompile>
    <ClCompile Include="loggerDllTest.cpp">
      <Filter>ソース ファイル</Filter>
    </ClCompile>
  </ItemGroup>
</Project>